
Microsoft Visual Studio Solution File, Format Version 12.00
# Visual Studio Version 17
VisualStudioVersion = 17.5.33502.453
MinimumVisualStudioVersion = 10.0.40219.1
Project("{FAE04EC0-301F-11D3-BF4B-00C04F79EFBC}") = "LDRTE", "LDRTE.csproj", "{449F29FC-F278-46B9-86EA-5218654974DA}"
EndProject
Global
	GlobalSection(SolutionConfigurationPlatforms) = preSolution
		Debug|Any CPU = Debug|Any CPU
		Release|Any CPU = Release|Any CPU
	EndGlobalSection
	GlobalSection(ProjectConfigurationPlatforms) = postSolution
		{449F29FC-F278-46B9-86EA-5218654974DA}.Debug|Any CPU.ActiveCfg = Debug|Any CPU
		{449F29FC-F278-46B9-86EA-5218654974DA}.Debug|Any CPU.Build.0 = Debug|Any CPU
		{449F29FC-F278-46B9-86EA-5218654974DA}.Release|Any CPU.ActiveCfg = Release|Any CPU
		{449F29FC-F278-46B9-86EA-5218654974DA}.Release|Any CPU.Build.0 = Release|Any CPU
	EndGlobalSection
	GlobalSection(SolutionProperties) = preSolution
		HideSolutionNode = FALSE
	EndGlobalSection
	GlobalSection(ExtensibilityGlobals) = postSolution
		SolutionGuid = {4927EF2D-E68E-4185-81F2-97E1DD2657F4}
	EndGlobalSection
EndGlobal
